<?xml version="1.0" encoding="utf-8"?>
<Project ToolsVersion="4.0" xmlns="http://schemas.microsoft.com/developer/msbuild/2003">
  <ItemGroup>
    <Filter Include="Source Files">
      <UniqueIdentifier>{4FC737F1-C7A5-4376-A066-2A32D752A2FF}</UniqueIdentifier>
      <Extensions>cpp;c;cc;cxx;c++;cppm;ixx;def;odl;idl;hpj;bat;asm;asmx</Extensions>
    </Filter>
    <Filter Include="Header Files">
      <UniqueIdentifier>{93995380-89BD-4b04-88EB-625FBE52EBFB}</UniqueIdentifier>
      <Extensions>h;hh;hpp;hxx;h++;hm;inl;inc;ipp;xsd</Extensions>
    </Filter>
    <Filter Include="Resource Files">
      <UniqueIdentifier>{67DA6AB6-F800-4c08-8B7A-83BB121AAD01}</UniqueIdentifier>
      <Extensions>rc;ico;cur;bmp;dlg;rc2;rct;bin;rgs;gif;jpg;jpeg;jpe;resx;tiff;tif;png;wav;mfcribbon-ms</Extensions>
    </Filter>
  </ItemGroup>
  <ItemGroup>
    <ClCompile Include="perseipanjang.cpp">
      <Filter>Source Files</Filter>
    </ClCompile>
    <ClCompile Include="segitigasiku.cpp">
      <Filter>Source Files</Filter>
    </ClCompile>
    <ClCompile Include="segitigasamakaki.cpp">
      <Filter>Source Files</Filter>
    </ClCompile>
    <ClCompile Include="trapesiumsiku.cpp">
      <Filter>Source Files</Filter>
    </ClCompile>
    <ClCompile Include="trapesiumsamakaki.cpp">
      <Filter>Source Files</Filter>
    </ClCompile>
    <ClCompile Include="jajar genjang.cpp">
      <Filter>Source Files</Filter>
    </ClCompile>
    <ClCompile Include="belahketupat.cpp">
      <Filter>Source Files</Filter>
    </ClCompile>
    <ClCompile Include="layanglayang.cpp">
      <Filter>Source Files</Filter>
    </ClCompile>
    <ClCompile Include="lingkaran.cpp">
      <Filter>Source Files</Filter>
    </ClCompile>
    <ClCompile Include="light.cpp">
      <Filter>Source Files</Filter>
    </ClCompile>
    <ClCompile Include="kantin.cpp">
      <Filter>Source Files</Filter>
    </ClCompile>
    <ClCompile Include="danau.cpp">
      <Filter>Source Files</Filter>
    </ClCompile>
    <ClCompile Include="FakultasHukum.cpp">
      <Filter>Source Files</Filter>
    </ClCompile>
  </ItemGroup>
</Project>